
Microsoft Visual Studio Solution File, Format Version 12.00
Project("{FAE04EC0-301F-11D3-BF4B-00C04F79EFBC}") = "AuctionService", "src\AuctionService\AuctionService.csproj", "{1A9F40D6-7125-4C01-8C3B-7A81505850E7}"
EndProject
Project("{FAE04EC0-301F-11D3-BF4B-00C04F79EFBC}") = "SearchService", "src\SearchService\SearchService.csproj", "{C522908F-46F7-43CB-B39A-5C2D1250B9AD}"
EndProject
Global
	GlobalSection(SolutionConfigurationPlatforms) = preSolution
		Debug|Any CPU = Debug|Any CPU
		Release|Any CPU = Release|Any CPU
	EndGlobalSection
	GlobalSection(ProjectConfigurationPlatforms) = postSolution
		{1A9F40D6-7125-4C01-8C3B-7A81505850E7}.Debug|Any CPU.ActiveCfg = Debug|Any CPU
		{1A9F40D6-7125-4C01-8C3B-7A81505850E7}.Debug|Any CPU.Build.0 = Debug|Any CPU
		{1A9F40D6-7125-4C01-8C3B-7A81505850E7}.Release|Any CPU.ActiveCfg = Release|Any CPU
		{1A9F40D6-7125-4C01-8C3B-7A81505850E7}.Release|Any CPU.Build.0 = Release|Any CPU
		{C522908F-46F7-43CB-B39A-5C2D1250B9AD}.Debug|Any CPU.ActiveCfg = Debug|Any CPU
		{C522908F-46F7-43CB-B39A-5C2D1250B9AD}.Debug|Any CPU.Build.0 = Debug|Any CPU
		{C522908F-46F7-43CB-B39A-5C2D1250B9AD}.Release|Any CPU.ActiveCfg = Release|Any CPU
		{C522908F-46F7-43CB-B39A-5C2D1250B9AD}.Release|Any CPU.Build.0 = Release|Any CPU
	EndGlobalSection
	GlobalSection(NestedProjects) = preSolution
	EndGlobalSection
EndGlobal
